{
    "_meta": {
        "hash": {
            "sha256": "4cdee338e368daf3834b2b49ae28a4838d41f022b24042dc6f7eb609786efe3d"
        },
        "pipfile-spec": 6,
        "requires": {
            "python_version": "3.13"
        },
        "sources": [
            {
                "name": "pypi",
                "url": "https://pypi.org/simple",
                "verify_ssl": true
            }
        ]
    },
    "default": {
        "anyio": {
            "hashes": [
                "sha256:b47c1f9ccf73e67021df785332508f99379c68fa7d0684e8e3492cb1d4b23f89",
                "sha256:dd9b7a2a9799ed6552fde617b2c5df02b7fdd7d88392fc48101e51bae46164d9"
            ],
            "markers": "python_version >= '3.10'",
            "version": "==4.14.0"
        },
        "asgiref": {
            "hashes": [
                "sha256:5f184dc43b7e763efe848065441eac62229c9f7b0475f41f80e207a114eda4ce",
                "sha256:e8667a091e69529631969fd45dc268fa79b99c92c5fcdda727757e52146ec133"
            ],
            "markers": "python_version >= '3.9'",
            "version": "==3.11.1"
        },
        "beautifulsoup4": {
            "hashes": [
                "sha256:288e3ca7d54b06f2ac191970bc275c1939cb46d450b255bf6718b04aa37ab4f7",
                "sha256:d6f88de62e1d4e38ecb1077eb9724cd0eff29d2a08ca16a401e9b9e93f117cf9"
            ],
            "index": "pypi",
            "markers": "python_full_version >= '3.7.0'",
            "version": "==4.15.0"
        },
        "certifi": {
            "hashes": [
                "sha256:024c88eeec92ca068db80f02b8b07c9cef7b9fe261d1d535abfd5abd6f6af432",
                "sha256:2227dcbaafe0d2f59279d1762ddddc37783ed4354594f194ffc31d20f41fc3db"
            ],
            "markers": "python_version >= '3.7'",
            "version": "==2026.6.17"
        },
        "django": {
            "hashes": [
                "sha256:25148b1194c47c2e685e5f5e9c5d59c78b075dfd282cb9618861ba6c1708f4d2",
                "sha256:ad03916ba59523d781ae5c3f631960c23d69a9d9c43cecda52fc23b47e953713"
            ],
            "index": "pypi",
            "markers": "python_version >= '3.12'",
            "version": "==6.0.6"
        },
        "h11": {
            "hashes": [
                "sha256:4e35b956cf45792e4caa5885e69fba00bdbc6ffafbfa020300e549b208ee5ff1",
                "sha256:63cf8bbe7522de3bf65932fda1d9c2772064ffb3dae62d55932da54b31cb6c86"
            ],
            "markers": "python_version >= '3.8'",
            "version": "==0.16.0"
        },
        "h2": {
            "hashes": [
                "sha256:6c59efe4323fa18b47a632221a1888bd7fde6249819beda254aeca909f221bf1",
                "sha256:c438f029a25f7945c69e0ccf0fb951dc3f73a5f6412981daee861431b70e2bdd"
            ],
            "version": "==4.3.0"
        },
        "hpack": {
            "hashes": [
                "sha256:0895cfa3b5531fc65fe439c05eb65144f123bf7a394fcaa56aa423548d8e45c0",
                "sha256:858ac0b02280fa582b5080d68db0899c62a80375e0e5413a74970c5e518b6986"
            ],
            "markers": "python_version >= '3.10'",
            "version": "==4.2.0"
        },
        "httpcore": {
            "hashes": [
                "sha256:2d400746a40668fc9dec9810239072b40b4484b640a8c38fd654a024c7a1bf55",
                "sha256:6e34463af53fd2ab5d807f399a9b45ea31c3dfa2276f15a2c3f00afff6e176e8"
            ],
            "markers": "python_version >= '3.8'",
            "version": "==1.0.9"
        },
        "httpx": {
            "extras": [
                "http2"
            ],
            "hashes": [
                "sha256:75e98c5f16b0f35b567856f597f06ff2270a374470a5c2392242528e3e3e42fc",
                "sha256:d909fcccc110f8c7faf814ca82a9a4d816bc5a6dbfea25d6591d6985b8ba59ad"
            ],
            "markers": "python_version >= '3.8'",
            "version": "==0.28.1"
        },
        "hyperframe": {
            "hashes": [
                "sha256:b03380493a519fce58ea5af42e4a42317bf9bd425596f7a0835ffce80f1a42e5",
                "sha256:f630908a00854a7adeabd6382b43923a4c4cd4b821fcb527e6ab9e15382a3b08"
            ],
            "markers": "python_version >= '3.9'",
            "version": "==6.1.0"
        },
        "idna": {
            "hashes": [
                "sha256:7f952cbe720b688055e3f87de14f5c3e5fdaa8bc3928985c4077ca689de849a2",
                "sha256:ffb385a7e039654cef1ab9ef32c6fafe283c0c0467bba1d9029738ce4a14a848"
            ],
            "markers": "python_version >= '3.9'",
            "version": "==3.18"
        },
        "soupsieve": {
            "hashes": [
                "sha256:e121fd02e975c695e4e9e8774a5ee35d74714b59307868dcc5319ad2d9e3328e",
                "sha256:e7e6b0769c8f51ed59acab6e994b00621096cfb1c640a7509295987388fbaf65"
            ],
            "markers": "python_version >= '3.9'",
            "version": "==2.8.4"
        },
        "sqlparse": {
            "hashes": [
                "sha256:12a08b3bf3eec877c519589833aed092e2444e68240a3577e8e26148acc7b1ba",
                "sha256:e20d4a9b0b8585fdf63b10d30066c7c94c5d7a7ec47c889a2d83a3caa93ff28e"
            ],
            "markers": "python_version >= '3.8'",
            "version": "==0.5.5"
        },
        "typing-extensions": {
            "hashes": [
                "sha256:0cea48d173cc12fa28ecabc3b837ea3cf6f38c6d1136f85cbaaf598984861466",
                "sha256:f0fa19c6845758ab08074a0cfa8b7aecb71c999ca73d62883bc25cc018c4e548"
            ],
            "markers": "python_version >= '3.9'",
            "version": "==4.15.0"
        }
    },
    "develop": {
        "astroid": {
            "hashes": [
                "sha256:52f39653876c7dec3e3afd4c2696920e05c83832b9737afc21928f2d2eb7a753",
                "sha256:986fed8bcf79fb82c78b18a53352a0b287a73817d6dbcfba3162da36667c49a0"
            ],
            "markers": "python_full_version >= '3.10.0'",
            "version": "==4.0.4"
        },
        "autopep8": {
            "hashes": [
                "sha256:89440a4f969197b69a995e4ce0661b031f455a9f776d2c5ba3dbd83466931758",
                "sha256:ce8ad498672c845a0c3de2629c15b635ec2b05ef8177a6e7c91c74f3e9b51128"
            ],
            "index": "pypi",
            "markers": "python_version >= '3.9'",
            "version": "==2.3.2"
        },
        "dill": {
            "hashes": [
                "sha256:1e1ce33e978ae97fcfcff5638477032b801c46c7c65cf717f95fbc2248f79a9d",
                "sha256:423092df4182177d4d8ba8290c8a5b640c66ab35ec7da59ccfa00f6fa3eea5fa"
            ],
            "markers": "python_version >= '3.11'",
            "version": "==0.4.1"
        },
        "isort": {
            "hashes": [
                "sha256:171ac4ff559cdc060bcfff550bc8404a486fee0caab245679c2abe7cb253c78d",
                "sha256:28b89bc70f751b559aeca209e6120393d43fbe2490de0559662be7a9787e3d75"
            ],
            "markers": "python_full_version >= '3.10.0'",
            "version": "==8.0.1"
        },
        "mccabe": {
            "hashes": [
                "sha256:348e0240c33b60bbdf4e523192ef919f28cb2c3d7d5c7794f74009290f236325",
                "sha256:6c2d30ab6be0e4a46919781807b4f0d834ebdd6c6e3dca0bda5a15f863427b6e"
            ],
            "markers": "python_version >= '3.6'",
            "version": "==0.7.0"
        },
        "platformdirs": {
            "hashes": [
                "sha256:31e761a6a0ca04faf7353ea759bdba55652be214725111e5aac52dfa29d4bef7",
                "sha256:fb516cdb12eb0d857d0cd85a7c57cea4d060bee4578d6cf5a14dfdf8cbf8784a"
            ],
            "markers": "python_version >= '3.10'",
            "version": "==4.10.0"
        },
        "pycodestyle": {
            "hashes": [
                "sha256:c4b5b517d278089ff9d0abdec919cd97262a3367449ea1c8b49b91529167b783",
                "sha256:dd6bf7cb4ee77f8e016f9c8e74a35ddd9f67e1d5fd4184d86c3b98e07099f42d"
            ],
            "markers": "python_version >= '3.9'",
            "version": "==2.14.0"
        },
        "pylint": {
            "hashes": [
                "sha256:52f19191bee08bf103f9705ad1a0ece4aa5a0a4ef2bdcbd969375a1e6f6579d5",
                "sha256:d11a0e1fdb7b1cd46ec5d6fc78fee8b95f28695b2d6140e5809925f61e32ea54"
            ],
            "index": "pypi",
            "markers": "python_full_version >= '3.10.0'",
            "version": "==4.0.6"
        },
        "tomlkit": {
            "hashes": [
                "sha256:4dbc8f0fc024412b57ced8757ac7461305126a648ff8c2c807fcb8e133a78738",
                "sha256:7d1a9ecba3086638211b13814ea79c90dd54dd11993564376f3aa92271f5c7a3"
            ],
            "markers": "python_version >= '3.9'",
            "version": "==0.15.0"
        }
    }
}
